{
  "version": "2",
  "remote": {
    "https://deno.land/std@0.126.0/fmt/colors.ts": "870f10d440af4c309ab7bff97266d8ddb2c8a69039bcbd33253c8bfc14502116",
    "https://deno.land/std@0.126.0/testing/_diff.ts": "9d849cd6877694152e01775b2d93f9d6b7aef7e24bfe3bfafc4d7a1ac8e9f392",
    "https://deno.land/std@0.126.0/testing/asserts.ts": "b7a2b7f80a12b9b2abe1bfeb7b84ead0e971671977c4d70390f43abd85c904ae",
    "https://deno.land/x/numpy@0.2.0/deps.ts": "98eab4ead2d8a42aeb8fabb101c275ad64c92ab0d6aa8351c58675cee9ddadc4",
    "https://deno.land/x/numpy@0.2.0/mod.ts": "f7b41774316f6c1bc3192724ff985dafa8bca5bb19c329c1eea39fc2c731a08e",
    "https://deno.land/x/numpy@0.2.0/src/array/dtype.ts": "933a106addbd8b898a00c96dd9a39ace289614d78febe5621b689d9222188b4c",
    "https://deno.land/x/numpy@0.2.0/src/array/indexing_routines.ts": "15eb6a2772c8e470c7587a9f46bfff2e899fbd7aece72652ff599208639d3d23",
    "https://deno.land/x/numpy@0.2.0/src/array/mod.ts": "6d9888b28ab8b2788c4aaa4dc0477947932657b15cd63b9013c615ce3d70b595",
    "https://deno.land/x/numpy@0.2.0/src/array/ndarray.ts": "c2e06c402ad2c52a701fd3f99ce3f46392f9d2266bf156a125f63473a410f63c",
    "https://deno.land/x/numpy@0.2.0/src/array/scalar.ts": "f7e4b212627bb45ea942297b2ee16d404b71da1a67403ae3f719e9a0dc106ad1",
    "https://deno.land/x/numpy@0.2.0/src/constants.ts": "07ae1ecc1f079ff0e6e8445b8c22b5c2bf56a1dbc2eae5478eccc570f8917157",
    "https://deno.land/x/numpy@0.2.0/src/routines/array_creation.ts": "87026ef7d016e9220a88f94559cc71dcf73b8b7b1ba4e945f0df60c87e626769",
    "https://deno.land/x/numpy@0.2.0/src/routines/array_manipulation.ts": "db1214f417766086e1d3bf3ce79f553777c1edf83bece92077eb580493f83789",
    "https://deno.land/x/numpy@0.2.0/src/routines/mathematical_functions.ts": "273f285657821b2ace6ee6f3694a86785a4778552970d63bcba216fc612415f0",
    "https://deno.land/x/numpy@0.2.0/src/routines/mod.ts": "2254ce4671530347711a5366a7cb473641419998395bad661f49e29dd633eeea",
    "https://deno.land/x/numpy@0.2.0/src/routines/sorting.ts": "5d04efc3731ad4228f56e638d61cad2288865beeeabc2d983c1521c8348570d9",
    "https://deno.land/x/numpy@0.2.0/src/shared/numpy.ts": "f7f3412b2a398ec71e3be445887f57efc9e9cb4493ee89cb9a639675b2d459c9",
    "https://deno.land/x/numpy@0.2.0/src/shared/util.ts": "7b20668c659727e27b6f31aee587b6f0a5165b1e10267ad42b55b1d696c065d7",
    "https://deno.land/x/numpy@0.2.0/src/types.d.ts": "5883b4328211201009740f38beb890f1f928f7d07841f15f3d70acf03460c1f4",
    "https://deno.land/x/python@0.2.4/mod.ts": "36292020f3a7e8c9774d5de7fe32e261b3b5ddfbb6689a78bb499014d40baa82",
    "https://deno.land/x/python@0.2.4/src/ffi.ts": "507237560989233ea5594c64c94425017025e5740891c242bf3c1b818e4531a7",
    "https://deno.land/x/python@0.2.4/src/python.ts": "dfb1e266cb64acb34cf7ba146d1b38e033c12061c266cab16bc0ef4680abfe35",
    "https://deno.land/x/python@0.2.4/src/symbols.ts": "2c87cb1a468bea2e36df21c015232d49cf019e12ecd96a53069d9fa26dd60503",
    "https://deno.land/x/python@0.2.4/src/util.ts": "440bd1d13558c2a826df60f98d8448abe57e40949d91fd73a9a81f10708547ef"
  }
}
