{
  "version": "2",
  "remote": {
    "https://deno.land/std@0.126.0/fmt/colors.ts": "870f10d440af4c309ab7bff97266d8ddb2c8a69039bcbd33253c8bfc14502116",
    "https://deno.land/std@0.126.0/testing/_diff.ts": "9d849cd6877694152e01775b2d93f9d6b7aef7e24bfe3bfafc4d7a1ac8e9f392",
    "https://deno.land/std@0.126.0/testing/asserts.ts": "b7a2b7f80a12b9b2abe1bfeb7b84ead0e971671977c4d70390f43abd85c904ae",
    "https://deno.land/x/python@0.2.4/mod.ts": "36292020f3a7e8c9774d5de7fe32e261b3b5ddfbb6689a78bb499014d40baa82",
    "https://deno.land/x/python@0.2.4/src/ffi.ts": "507237560989233ea5594c64c94425017025e5740891c242bf3c1b818e4531a7",
    "https://deno.land/x/python@0.2.4/src/python.ts": "dfb1e266cb64acb34cf7ba146d1b38e033c12061c266cab16bc0ef4680abfe35",
    "https://deno.land/x/python@0.2.4/src/symbols.ts": "2c87cb1a468bea2e36df21c015232d49cf019e12ecd96a53069d9fa26dd60503",
    "https://deno.land/x/python@0.2.4/src/util.ts": "440bd1d13558c2a826df60f98d8448abe57e40949d91fd73a9a81f10708547ef"
  }
}
